// !$*UTF8*$!
{
	archiveVersion = 1;
	classes = {
	};
	objectVersion = 46;
	objects = {

/* Begin PBXBuildFile section */
		E666CBB61BE20E5E007832A2 /* AppDelegate.swift in Sources */ = {isa = PBXBuildFile; fileRef = E666CBB51BE20E5E007832A2 /* AppDelegate.swift */; };
		E666CBB81BE20E5E007832A2 /* ViewController.swift in Sources */ = {isa = PBXBuildFile; fileRef = E666CBB71BE20E5E007832A2 /* ViewController.swift */; };
		E666CBBB1BE20E5F007832A2 /* Main.storyboard in Resources */ = {isa = PBXBuildFile; fileRef = E666CBB91BE20E5F007832A2 /* Main.storyboard */; };
		E666CBBD1BE20E5F007832A2 /* Assets.xcassets in Resources */ = {isa = PBXBuildFile; fileRef = E666CBBC1BE20E5F007832A2 /* Assets.xcassets */; };
		E666CBC01BE20E5F007832A2 /* LaunchScreen.storyboard in Resources */ = {isa = PBXBuildFile; fileRef = E666CBBE1BE20E5F007832A2 /* LaunchScreen.storyboard */; };
		E666CBCB1BE20E5F007832A2 /* MovePicturesUITests.swift in Sources */ = {isa = PBXBuildFile; fileRef = E666CBCA1BE20E5F007832A2 /* MovePicturesUITests.swift */; };
		E666CBD71BE20EB3007832A2 /* PictureCellView.swift in Sources */ = {isa = PBXBuildFile; fileRef = E666CBD61BE20EB3007832A2 /* PictureCellView.swift */; settings = {ASSET_TAGS = (); }; };
		E666CBEA1BE761E4007832A2 /* Default-568h@2x.png in Resources */ = {isa = PBXBuildFile; fileRef = E666CBE91BE761E4007832A2 /* Default-568h@2x.png */; settings = {ASSET_TAGS = (); }; };
/* End PBXBuildFile section */

/* Begin PBXContainerItemProxy section */
		E666CBC71BE20E5F007832A2 /* PBXContainerItemProxy */ = {
			isa = PBXContainerItemProxy;
			containerPortal = E666CBAA1BE20E5E007832A2 /* Project object */;
			proxyType = 1;
			remoteGlobalIDString = E666CBB11BE20E5E007832A2;
			remoteInfo = MovePictures;
		};
/* End PBXContainerItemProxy section */

/* Begin PBXFileReference section */
		E666CBB21BE20E5E007832A2 /* MovePictures.app */ = {isa = PBXFileReference; explicitFileType = wrapper.application; includeInIndex = 0; path = MovePictures.app; sourceTree = BUILT_PRODUCTS_DIR; };
		E666CBB51BE20E5E007832A2 /* AppDelegate.swift */ = {isa = PBXFileReference; lastKnownFileType = sourcecode.swift; path = AppDelegate.swift; sourceTree = "<group>"; };
		E666CBB71BE20E5E007832A2 /* ViewController.swift */ = {isa = PBXFileReference; lastKnownFileType = sourcecode.swift; path = ViewController.swift; sourceTree = "<group>"; };
		E666CBBA1BE20E5F007832A2 /* Base */ = {isa = PBXFileReference; lastKnownFileType = file.storyboard; name = Base; path = Base.lproj/Main.storyboard; sourceTree = "<group>"; };
		E666CBBC1BE20E5F007832A2 /* Assets.xcassets */ = {isa = PBXFileReference; lastKnownFileType = folder.assetcatalog; path = Assets.xcassets; sourceTree = "<group>"; };
		E666CBBF1BE20E5F007832A2 /* Base */ = {isa = PBXFileReference; lastKnownFileType = file.storyboard; name = Base; path = Base.lproj/LaunchScreen.storyboard; sourceTree = "<group>"; };
		E666CBC11BE20E5F007832A2 /* Info.plist */ = {isa = PBXFileReference; lastKnownFileType = text.plist.xml; path = Info.plist; sourceTree = "<group>"; };
		E666CBC61BE20E5F007832A2 /* MovePicturesUITests.xctest */ = {isa = PBXFileReference; explicitFileType = wrapper.cfbundle; includeInIndex = 0; path = MovePicturesUITests.xctest; sourceTree = BUILT_PRODUCTS_DIR; };
		E666CBCA1BE20E5F007832A2 /* MovePicturesUITests.swift */ = {isa = PBXFileReference; lastKnownFileType = sourcecode.swift; path = MovePicturesUITests.swift; sourceTree = "<group>"; };
		E666CBCC1BE20E5F007832A2 /* Info.plist */ = {isa = PBXFileReference; lastKnownFileType = text.plist.xml; path = Info.plist; sourceTree = "<group>"; };
		E666CBD61BE20EB3007832A2 /* PictureCellView.swift */ = {isa = PBXFileReference; fileEncoding = 4; lastKnownFileType = sourcecode.swift; name = PictureCellView.swift; path = PictureView/PictureCellView.swift; sourceTree = "<group>"; };
		E666CBE91BE761E4007832A2 /* Default-568h@2x.png */ = {isa = PBXFileReference; lastKnownFileType = image.png; path = "Default-568h@2x.png"; sourceTree = SOURCE_ROOT; };
/* End PBXFileReference section */

/* Begin PBXFrameworksBuildPhase section */
		E666CBAF1BE20E5E007832A2 /* Frameworks */ = {
			isa = PBXFrameworksBuildPhase;
			buildActionMask = 2147483647;
			files = (
			);
			runOnlyForDeploymentPostprocessing = 0;
		};
		E666CBC31BE20E5F007832A2 /* Frameworks */ = {
			isa = PBXFrameworksBuildPhase;
			buildActionMask = 2147483647;
			files = (
			);
			runOnlyForDeploymentPostprocessing = 0;
		};
/* End PBXFrameworksBuildPhase section */

/* Begin PBXGroup section */
		E666CBA91BE20E5E007832A2 = {
			isa = PBXGroup;
			children = (
				E666CBB41BE20E5E007832A2 /* MovePictures */,
				E666CBC91BE20E5F007832A2 /* MovePicturesUITests */,
				E666CBB31BE20E5E007832A2 /* Products */,
			);
			sourceTree = "<group>";
		};
		E666CBB31BE20E5E007832A2 /* Products */ = {
			isa = PBXGroup;
			children = (
				E666CBB21BE20E5E007832A2 /* MovePictures.app */,
				E666CBC61BE20E5F007832A2 /* MovePicturesUITests.xctest */,
			);
			name = Products;
			sourceTree = "<group>";
		};
		E666CBB41BE20E5E007832A2 /* MovePictures */ = {
			isa = PBXGroup;
			children = (
				E666CBD51BE20E78007832A2 /* PictureView */,
				E666CBB51BE20E5E007832A2 /* AppDelegate.swift */,
				E666CBB71BE20E5E007832A2 /* ViewController.swift */,
				E666CBB91BE20E5F007832A2 /* Main.storyboard */,
				E666CBBC1BE20E5F007832A2 /* Assets.xcassets */,
				E666CBE91BE761E4007832A2 /* Default-568h@2x.png */,
				E666CBBE1BE20E5F007832A2 /* LaunchScreen.storyboard */,
				E666CBC11BE20E5F007832A2 /* Info.plist */,
			);
			path = MovePictures;
			sourceTree = "<group>";
		};
		E666CBC91BE20E5F007832A2 /* MovePicturesUITests */ = {
			isa = PBXGroup;
			children = (
				E666CBCA1BE20E5F007832A2 /* MovePicturesUITests.swift */,
				E666CBCC1BE20E5F007832A2 /* Info.plist */,
			);
			path = MovePicturesUITests;
			sourceTree = "<group>";
		};
		E666CBD51BE20E78007832A2 /* PictureView */ = {
			isa = PBXGroup;
			children = (
				E666CBD61BE20EB3007832A2 /* PictureCellView.swift */,
			);
			name = PictureView;
			sourceTree = "<group>";
		};
/* End PBXGroup section */

/* Begin PBXNativeTarget section */
		E666CBB11BE20E5E007832A2 /* MovePictures */ = {
			isa = PBXNativeTarget;
			buildConfigurationList = E666CBCF1BE20E5F007832A2 /* Build configuration list for PBXNativeTarget "MovePictures" */;
			buildPhases = (
				E666CBAE1BE20E5E007832A2 /* Sources */,
				E666CBAF1BE20E5E007832A2 /* Frameworks */,
				E666CBB01BE20E5E007832A2 /* Resources */,
			);
			buildRules = (
			);
			dependencies = (
			);
			name = MovePictures;
			productName = MovePictures;
			productReference = E666CBB21BE20E5E007832A2 /* MovePictures.app */;
			productType = "com.apple.product-type.application";
		};
		E666CBC51BE20E5F007832A2 /* MovePicturesUITests */ = {
			isa = PBXNativeTarget;
			buildConfigurationList = E666CBD21BE20E5F007832A2 /* Build configuration list for PBXNativeTarget "MovePicturesUITests" */;
			buildPhases = (
				E666CBC21BE20E5F007832A2 /* Sources */,
				E666CBC31BE20E5F007832A2 /* Frameworks */,
				E666CBC41BE20E5F007832A2 /* Resources */,
			);
			buildRules = (
			);
			dependencies = (
				E666CBC81BE20E5F007832A2 /* PBXTargetDependency */,
			);
			name = MovePicturesUITests;
			productName = MovePicturesUITests;
			productReference = E666CBC61BE20E5F007832A2 /* MovePicturesUITests.xctest */;
			productType = "com.apple.product-type.bundle.ui-testing";
		};
/* End PBXNativeTarget section */

/* Begin PBXProject section */
		E666CBAA1BE20E5E007832A2 /* Project object */ = {
			isa = PBXProject;
			attributes = {
				LastUpgradeCheck = 0700;
				ORGANIZATIONNAME = sapze;
				TargetAttributes = {
					E666CBB11BE20E5E007832A2 = {
						CreatedOnToolsVersion = 7.0.1;
					};
					E666CBC51BE20E5F007832A2 = {
						CreatedOnToolsVersion = 7.0.1;
						TestTargetID = E666CBB11BE20E5E007832A2;
					};
				};
			};
			buildConfigurationList = E666CBAD1BE20E5E007832A2 /* Build configuration list for PBXProject "MovePictures" */;
			compatibilityVersion = "Xcode 3.2";
			developmentRegion = English;
			hasScannedForEncodings = 0;
			knownRegions = (
				en,
				Base,
			);
			mainGroup = E666CBA91BE20E5E007832A2;
			productRefGroup = E666CBB31BE20E5E007832A2 /* Products */;
			projectDirPath = "";
			projectRoot = "";
			targets = (
				E666CBB11BE20E5E007832A2 /* MovePictures */,
				E666CBC51BE20E5F007832A2 /* MovePicturesUITests */,
			);
		};
/* End PBXProject section */

/* Begin PBXResourcesBuildPhase section */
		E666CBB01BE20E5E007832A2 /* Resources */ = {
			isa = PBXResourcesBuildPhase;
			buildActionMask = 2147483647;
			files = (
				E666CBC01BE20E5F007832A2 /* LaunchScreen.storyboard in Resources */,
				E666CBEA1BE761E4007832A2 /* Default-568h@2x.png in Resources */,
				E666CBBD1BE20E5F007832A2 /* Assets.xcassets in Resources */,
				E666CBBB1BE20E5F007832A2 /* Main.storyboard in Resources */,
			);
			runOnlyForDeploymentPostprocessing = 0;
		};
		E666CBC41BE20E5F007832A2 /* Resources */ = {
			isa = PBXResourcesBuildPhase;
			buildActionMask = 2147483647;
			files = (
			);
			runOnlyForDeploymentPostprocessing = 0;
		};
/* End PBXResourcesBuildPhase section */

/* Begin PBXSourcesBuildPhase section */
		E666CBAE1BE20E5E007832A2 /* Sources */ = {
			isa = PBXSourcesBuildPhase;
			buildActionMask = 2147483647;
			files = (
				E666CBB81BE20E5E007832A2 /* ViewController.swift in Sources */,
				E666CBB61BE20E5E007832A2 /* AppDelegate.swift in Sources */,
				E666CBD71BE20EB3007832A2 /* PictureCellView.swift in Sources */,
			);
			runOnlyForDeploymentPostprocessing = 0;
		};
		E666CBC21BE20E5F007832A2 /* Sources */ = {
			isa = PBXSourcesBuildPhase;
			buildActionMask = 2147483647;
			files = (
				E666CBCB1BE20E5F007832A2 /* MovePicturesUITests.swift in Sources */,
			);
			runOnlyForDeploymentPostprocessing = 0;
		};
/* End PBXSourcesBuildPhase section */

/* Begin PBXTargetDependency section */
		E666CBC81BE20E5F007832A2 /* PBXTargetDependency */ = {
			isa = PBXTargetDependency;
			target = E666CBB11BE20E5E007832A2 /* MovePictures */;
			targetProxy = E666CBC71BE20E5F007832A2 /* PBXContainerItemProxy */;
		};
/* End PBXTargetDependency section */

/* Begin PBXVariantGroup section */
		E666CBB91BE20E5F007832A2 /* Main.storyboard */ = {
			isa = PBXVariantGroup;
			children = (
				E666CBBA1BE20E5F007832A2 /* Base */,
			);
			name = Main.storyboard;
			sourceTree = "<group>";
		};
		E666CBBE1BE20E5F007832A2 /* LaunchScreen.storyboard */ = {
			isa = PBXVariantGroup;
			children = (
				E666CBBF1BE20E5F007832A2 /* Base */,
			);
			name = LaunchScreen.storyboard;
			sourceTree = "<group>";
		};
/* End PBXVariantGroup section */

/* Begin XCBuildConfiguration section */
		E666CBCD1BE20E5F007832A2 /* Debug */ = {
			isa = XCBuildConfiguration;
			buildSettings = {
				ALWAYS_SEARCH_USER_PATHS = NO;
				CLANG_CXX_LANGUAGE_STANDARD = "gnu++0x";
				CLANG_CXX_LIBRARY = "libc++";
				CLANG_ENABLE_MODULES = YES;
				CLANG_ENABLE_OBJC_ARC = YES;
				CLANG_WARN_BOOL_CONVERSION = YES;
				CLANG_WARN_CONSTANT_CONVERSION = YES;
				CLANG_WARN_DIRECT_OBJC_ISA_USAGE = YES_ERROR;
				CLANG_WARN_EMPTY_BODY = YES;
				CLANG_WARN_ENUM_CONVERSION = YES;
				CLANG_WARN_INT_CONVERSION = YES;
				CLANG_WARN_OBJC_ROOT_CLASS = YES_ERROR;
				CLANG_WARN_UNREACHABLE_CODE = YES;
				CLANG_WARN__DUPLICATE_METHOD_MATCH = YES;
				"CODE_SIGN_IDENTITY[sdk=iphoneos*]" = "iPhone Developer";
				COPY_PHASE_STRIP = NO;
				DEBUG_INFORMATION_FORMAT = dwarf;
				ENABLE_STRICT_OBJC_MSGSEND = YES;
				ENABLE_TESTABILITY = YES;
				GCC_C_LANGUAGE_STANDARD = gnu99;
				GCC_DYNAMIC_NO_PIC = NO;
				GCC_NO_COMMON_BLOCKS = YES;
				GCC_OPTIMIZATION_LEVEL = 0;
				GCC_PREPROCESSOR_DEFINITIONS = (
					"DEBUG=1",
					"$(inherited)",
				);
				GCC_WARN_64_TO_32_BIT_CONVERSION = YES;
				GCC_WARN_ABOUT_RETURN_TYPE = YES_ERROR;
				GCC_WARN_UNDECLARED_SELECTOR = YES;
				GCC_WARN_UNINITIALIZED_AUTOS = YES_AGGRESSIVE;
				GCC_WARN_UNUSED_FUNCTION = YES;
				GCC_WARN_UNUSED_VARIABLE = YES;
				IPHONEOS_DEPLOYMENT_TARGET = 9.0;
				MTL_ENABLE_DEBUG_INFO = YES;
				ONLY_ACTIVE_ARCH = YES;
				SDKROOT = iphoneos;
				SWIFT_OPTIMIZATION_LEVEL = "-Onone";
				TARGETED_DEVICE_FAMILY = "1,2";
			};
			name = Debug;
		};
		E666CBCE1BE20E5F007832A2 /* Release */ = {
			isa = XCBuildConfiguration;
			buildSettings = {
				ALWAYS_SEARCH_USER_PATHS = NO;
				CLANG_CXX_LANGUAGE_STANDARD = "gnu++0x";
				CLANG_CXX_LIBRARY = "libc++";
				CLANG_ENABLE_MODULES = YES;
				CLANG_ENABLE_OBJC_ARC = YES;
				CLANG_WARN_BOOL_CONVERSION = YES;
				CLANG_WARN_CONSTANT_CONVERSION = YES;
				CLANG_WARN_DIRECT_OBJC_ISA_USAGE = YES_ERROR;
				CLANG_WARN_EMPTY_BODY = YES;
				CLANG_WARN_ENUM_CONVERSION = YES;
				CLANG_WARN_INT_CONVERSION = YES;
				CLANG_WARN_OBJC_ROOT_CLASS = YES_ERROR;
				CLANG_WARN_UNREACHABLE_CODE = YES;
				CLANG_WARN__DUPLICATE_METHOD_MATCH = YES;
				"CODE_SIGN_IDENTITY[sdk=iphoneos*]" = "iPhone Developer";
				COPY_PHASE_STRIP = NO;
				DEBUG_INFORMATION_FORMAT = "dwarf-with-dsym";
				ENABLE_NS_ASSERTIONS = NO;
				ENABLE_STRICT_OBJC_MSGSEND = YES;
				GCC_C_LANGUAGE_STANDARD = gnu99;
				GCC_NO_COMMON_BLOCKS = YES;
				GCC_WARN_64_TO_32_BIT_CONVERSION = YES;
				GCC_WARN_ABOUT_RETURN_TYPE = YES_ERROR;
				GCC_WARN_UNDECLARED_SELECTOR = YES;
				GCC_WARN_UNINITIALIZED_AUTOS = YES_AGGRESSIVE;
				GCC_WARN_UNUSED_FUNCTION = YES;
				GCC_WARN_UNUSED_VARIABLE = YES;
				IPHONEOS_DEPLOYMENT_TARGET = 9.0;
				MTL_ENABLE_DEBUG_INFO = NO;
				SDKROOT = iphoneos;
				TARGETED_DEVICE_FAMILY = "1,2";
				VALIDATE_PRODUCT = YES;
			};
			name = Release;
		};
		E666CBD01BE20E5F007832A2 /* Debug */ = {
			isa = XCBuildConfiguration;
			buildSettings = {
				ASSETCATALOG_COMPILER_APPICON_NAME = AppIcon;
				ASSETCATALOG_COMPILER_LAUNCHIMAGE_NAME = BrandAsset;
				INFOPLIST_FILE = MovePictures/Info.plist;
				IPHONEOS_DEPLOYMENT_TARGET = 7.0;
				LD_RUNPATH_SEARCH_PATHS = "$(inherited) @executable_path/Frameworks";
				PRODUCT_BUNDLE_IDENTIFIER = com.Lessay;
				PRODUCT_NAME = "$(TARGET_NAME)";
				PROVISIONING_PROFILE = "0e3d7ebd-8038-46be-9145-083be089401c";
			};
			name = Debug;
		};
		E666CBD11BE20E5F007832A2 /* Release */ = {
			isa = XCBuildConfiguration;
			buildSettings = {
				ASSETCATALOG_COMPILER_APPICON_NAME = AppIcon;
				ASSETCATALOG_COMPILER_LAUNCHIMAGE_NAME = BrandAsset;
				INFOPLIST_FILE = MovePictures/Info.plist;
				IPHONEOS_DEPLOYMENT_TARGET = 7.0;
				LD_RUNPATH_SEARCH_PATHS = "$(inherited) @executable_path/Frameworks";
				PRODUCT_BUNDLE_IDENTIFIER = com.Lessay;
				PRODUCT_NAME = "$(TARGET_NAME)";
				PROVISIONING_PROFILE = "0e3d7ebd-8038-46be-9145-083be089401c";
			};
			name = Release;
		};
		E666CBD31BE20E5F007832A2 /* Debug */ = {
			isa = XCBuildConfiguration;
			buildSettings = {
				INFOPLIST_FILE = MovePicturesUITests/Info.plist;
				LD_RUNPATH_SEARCH_PATHS = "$(inherited) @executable_path/Frameworks @loader_path/Frameworks";
				PRODUCT_BUNDLE_IDENTIFIER = com.MovePicturesUITests;
				PRODUCT_NAME = "$(TARGET_NAME)";
				TEST_TARGET_NAME = MovePictures;
				USES_XCTRUNNER = YES;
			};
			name = Debug;
		};
		E666CBD41BE20E5F007832A2 /* Release */ = {
			isa = XCBuildConfiguration;
			buildSettings = {
				INFOPLIST_FILE = MovePicturesUITests/Info.plist;
				LD_RUNPATH_SEARCH_PATHS = "$(inherited) @executable_path/Frameworks @loader_path/Frameworks";
				PRODUCT_BUNDLE_IDENTIFIER = com.MovePicturesUITests;
				PRODUCT_NAME = "$(TARGET_NAME)";
				TEST_TARGET_NAME = MovePictures;
				USES_XCTRUNNER = YES;
			};
			name = Release;
		};
/* End XCBuildConfiguration section */

/* Begin XCConfigurationList section */
		E666CBAD1BE20E5E007832A2 /* Build configuration list for PBXProject "MovePictures" */ = {
			isa = XCConfigurationList;
			buildConfigurations = (
				E666CBCD1BE20E5F007832A2 /* Debug */,
				E666CBCE1BE20E5F007832A2 /* Release */,
			);
			defaultConfigurationIsVisible = 0;
			defaultConfigurationName = Release;
		};
		E666CBCF1BE20E5F007832A2 /* Build configuration list for PBXNativeTarget "MovePictures" */ = {
			isa = XCConfigurationList;
			buildConfigurations = (
				E666CBD01BE20E5F007832A2 /* Debug */,
				E666CBD11BE20E5F007832A2 /* Release */,
			);
			defaultConfigurationIsVisible = 0;
		};
		E666CBD21BE20E5F007832A2 /* Build configuration list for PBXNativeTarget "MovePicturesUITests" */ = {
			isa = XCConfigurationList;
			buildConfigurations = (
				E666CBD31BE20E5F007832A2 /* Debug */,
				E666CBD41BE20E5F007832A2 /* Release */,
			);
			defaultConfigurationIsVisible = 0;
		};
/* End XCConfigurationList section */
	};
	rootObject = E666CBAA1BE20E5E007832A2 /* Project object */;
}
